
Microsoft Visual Studio Solution File, Format Version 12.00
# Visual Studio Version 16
VisualStudioVersion = 16.0.31025.194
MinimumVisualStudioVersion = 10.0.40219.1
Project("{FAE04EC0-301F-11D3-BF4B-00C04F79EFBC}") = "AdoDotNetExample", "AdoDotNetExample\AdoDotNetExample.csproj", "{42BDC6CD-036F-4648-959D-BE3D5062E531}"
EndProject
Global
	GlobalSection(SolutionConfigurationPlatforms) = preSolution
		Debug|Any CPU = Debug|Any CPU
		Release|Any CPU = Release|Any CPU
	EndGlobalSection
	GlobalSection(ProjectConfigurationPlatforms) = postSolution
		{42BDC6CD-036F-4648-959D-BE3D5062E531}.Debug|Any CPU.ActiveCfg = Debug|Any CPU
		{42BDC6CD-036F-4648-959D-BE3D5062E531}.Debug|Any CPU.Build.0 = Debug|Any CPU
		{42BDC6CD-036F-4648-959D-BE3D5062E531}.Release|Any CPU.ActiveCfg = Release|Any CPU
		{42BDC6CD-036F-4648-959D-BE3D5062E531}.Release|Any CPU.Build.0 = Release|Any CPU
	EndGlobalSection
	GlobalSection(SolutionProperties) = preSolution
		HideSolutionNode = FALSE
	EndGlobalSection
	GlobalSection(ExtensibilityGlobals) = postSolution
		SolutionGuid = {8DB34A78-25F7-4408-9AF2-0906F22031A7}
	EndGlobalSection
EndGlobal
